// !$*UTF8*$!
{
	archiveVersion = 1;
	classes = {
	};
	objectVersion = 50;
	objects = {

/* Begin PBXBuildFile section */
		F670576A2228B7E000AD02AD /* AppDelegate.swift in Sources */ = {isa = PBXBuildFile; fileRef = F67057692228B7E000AD02AD /* AppDelegate.swift */; };
		F670576C2228B7E000AD02AD /* ViewController.swift in Sources */ = {isa = PBXBuildFile; fileRef = F670576B2228B7E000AD02AD /* ViewController.swift */; };
		F670576F2228B7E000AD02AD /* Main.storyboard in Resources */ = {isa = PBXBuildFile; fileRef = F670576D2228B7E000AD02AD /* Main.storyboard */; };
		F67057712228B7E100AD02AD /* Assets.xcassets in Resources */ = {isa = PBXBuildFile; fileRef = F67057702228B7E100AD02AD /* Assets.xcassets */; };
		F67057742228B7E100AD02AD /* LaunchScreen.storyboard in Resources */ = {isa = PBXBuildFile; fileRef = F67057722228B7E100AD02AD /* LaunchScreen.storyboard */; };
		F670577F2228B7E100AD02AD /* ViewTests.swift in Sources */ = {isa = PBXBuildFile; fileRef = F670577E2228B7E100AD02AD /* ViewTests.swift */; };
		F670578A2228B7E100AD02AD /* ViewUITests.swift in Sources */ = {isa = PBXBuildFile; fileRef = F67057892228B7E100AD02AD /* ViewUITests.swift */; };
/* End PBXBuildFile section */

/* Begin PBXContainerItemProxy section */
		F670577B2228B7E100AD02AD /* PBXContainerItemProxy */ = {
			isa = PBXContainerItemProxy;
			containerPortal = F670575E2228B7E000AD02AD /* Project object */;
			proxyType = 1;
			remoteGlobalIDString = F67057652228B7E000AD02AD;
			remoteInfo = View;
		};
		F67057862228B7E100AD02AD /* PBXContainerItemProxy */ = {
			isa = PBXContainerItemProxy;
			containerPortal = F670575E2228B7E000AD02AD /* Project object */;
			proxyType = 1;
			remoteGlobalIDString = F67057652228B7E000AD02AD;
			remoteInfo = View;
		};
/* End PBXContainerItemProxy section */

/* Begin PBXFileReference section */
		F67057662228B7E000AD02AD /* View.app */ = {isa = PBXFileReference; explicitFileType = wrapper.application; includeInIndex = 0; path = View.app; sourceTree = BUILT_PRODUCTS_DIR; };
		F67057692228B7E000AD02AD /* AppDelegate.swift */ = {isa = PBXFileReference; lastKnownFileType = sourcecode.swift; path = AppDelegate.swift; sourceTree = "<group>"; };
		F670576B2228B7E000AD02AD /* ViewController.swift */ = {isa = PBXFileReference; lastKnownFileType = sourcecode.swift; path = ViewController.swift; sourceTree = "<group>"; };
		F670576E2228B7E000AD02AD /* Base */ = {isa = PBXFileReference; lastKnownFileType = file.storyboard; name = Base; path = Base.lproj/Main.storyboard; sourceTree = "<group>"; };
		F67057702228B7E100AD02AD /* Assets.xcassets */ = {isa = PBXFileReference; lastKnownFileType = folder.assetcatalog; path = Assets.xcassets; sourceTree = "<group>"; };
		F67057732228B7E100AD02AD /* Base */ = {isa = PBXFileReference; lastKnownFileType = file.storyboard; name = Base; path = Base.lproj/LaunchScreen.storyboard; sourceTree = "<group>"; };
		F67057752228B7E100AD02AD /* Info.plist */ = {isa = PBXFileReference; lastKnownFileType = text.plist.xml; path = Info.plist; sourceTree = "<group>"; };
		F670577A2228B7E100AD02AD /* ViewTests.xctest */ = {isa = PBXFileReference; explicitFileType = wrapper.cfbundle; includeInIndex = 0; path = ViewTests.xctest; sourceTree = BUILT_PRODUCTS_DIR; };
		F670577E2228B7E100AD02AD /* ViewTests.swift */ = {isa = PBXFileReference; lastKnownFileType = sourcecode.swift; path = ViewTests.swift; sourceTree = "<group>"; };
		F67057802228B7E100AD02AD /* Info.plist */ = {isa = PBXFileReference; lastKnownFileType = text.plist.xml; path = Info.plist; sourceTree = "<group>"; };
		F67057852228B7E100AD02AD /* ViewUITests.xctest */ = {isa = PBXFileReference; explicitFileType = wrapper.cfbundle; includeInIndex = 0; path = ViewUITests.xctest; sourceTree = BUILT_PRODUCTS_DIR; };
		F67057892228B7E100AD02AD /* ViewUITests.swift */ = {isa = PBXFileReference; lastKnownFileType = sourcecode.swift; path = ViewUITests.swift; sourceTree = "<group>"; };
		F670578B2228B7E100AD02AD /* Info.plist */ = {isa = PBXFileReference; lastKnownFileType = text.plist.xml; path = Info.plist; sourceTree = "<group>"; };
/* End PBXFileReference section */

/* Begin PBXFrameworksBuildPhase section */
		F67057632228B7E000AD02AD /* Frameworks */ = {
			isa = PBXFrameworksBuildPhase;
			buildActionMask = 2147483647;
			files = (
			);
			runOnlyForDeploymentPostprocessing = 0;
		};
		F67057772228B7E100AD02AD /* Frameworks */ = {
			isa = PBXFrameworksBuildPhase;
			buildActionMask = 2147483647;
			files = (
			);
			runOnlyForDeploymentPostprocessing = 0;
		};
		F67057822228B7E100AD02AD /* Frameworks */ = {
			isa = PBXFrameworksBuildPhase;
			buildActionMask = 2147483647;
			files = (
			);
			runOnlyForDeploymentPostprocessing = 0;
		};
/* End PBXFrameworksBuildPhase section */

/* Begin PBXGroup section */
		F670575D2228B7E000AD02AD = {
			isa = PBXGroup;
			children = (
				F67057682228B7E000AD02AD /* View */,
				F670577D2228B7E100AD02AD /* ViewTests */,
				F67057882228B7E100AD02AD /* ViewUITests */,
				F67057672228B7E000AD02AD /* Products */,
			);
			sourceTree = "<group>";
		};
		F67057672228B7E000AD02AD /* Products */ = {
			isa = PBXGroup;
			children = (
				F67057662228B7E000AD02AD /* View.app */,
				F670577A2228B7E100AD02AD /* ViewTests.xctest */,
				F67057852228B7E100AD02AD /* ViewUITests.xctest */,
			);
			name = Products;
			sourceTree = "<group>";
		};
		F67057682228B7E000AD02AD /* View */ = {
			isa = PBXGroup;
			children = (
				F67057692228B7E000AD02AD /* AppDelegate.swift */,
				F670576B2228B7E000AD02AD /* ViewController.swift */,
				F670576D2228B7E000AD02AD /* Main.storyboard */,
				F67057702228B7E100AD02AD /* Assets.xcassets */,
				F67057722228B7E100AD02AD /* LaunchScreen.storyboard */,
				F67057752228B7E100AD02AD /* Info.plist */,
			);
			path = View;
			sourceTree = "<group>";
		};
		F670577D2228B7E100AD02AD /* ViewTests */ = {
			isa = PBXGroup;
			children = (
				F670577E2228B7E100AD02AD /* ViewTests.swift */,
				F67057802228B7E100AD02AD /* Info.plist */,
			);
			path = ViewTests;
			sourceTree = "<group>";
		};
		F67057882228B7E100AD02AD /* ViewUITests */ = {
			isa = PBXGroup;
			children = (
				F67057892228B7E100AD02AD /* ViewUITests.swift */,
				F670578B2228B7E100AD02AD /* Info.plist */,
			);
			path = ViewUITests;
			sourceTree = "<group>";
		};
/* End PBXGroup section */

/* Begin PBXNativeTarget section */
		F67057652228B7E000AD02AD /* View */ = {
			isa = PBXNativeTarget;
			buildConfigurationList = F670578E2228B7E100AD02AD /* Build configuration list for PBXNativeTarget "View" */;
			buildPhases = (
				F67057622228B7E000AD02AD /* Sources */,
				F67057632228B7E000AD02AD /* Frameworks */,
				F67057642228B7E000AD02AD /* Resources */,
			);
			buildRules = (
			);
			dependencies = (
			);
			name = View;
			productName = View;
			productReference = F67057662228B7E000AD02AD /* View.app */;
			productType = "com.apple.product-type.application";
		};
		F67057792228B7E100AD02AD /* ViewTests */ = {
			isa = PBXNativeTarget;
			buildConfigurationList = F67057912228B7E100AD02AD /* Build configuration list for PBXNativeTarget "ViewTests" */;
			buildPhases = (
				F67057762228B7E100AD02AD /* Sources */,
				F67057772228B7E100AD02AD /* Frameworks */,
				F67057782228B7E100AD02AD /* Resources */,
			);
			buildRules = (
			);
			dependencies = (
				F670577C2228B7E100AD02AD /* PBXTargetDependency */,
			);
			name = ViewTests;
			productName = ViewTests;
			productReference = F670577A2228B7E100AD02AD /* ViewTests.xctest */;
			productType = "com.apple.product-type.bundle.unit-test";
		};
		F67057842228B7E100AD02AD /* ViewUITests */ = {
			isa = PBXNativeTarget;
			buildConfigurationList = F67057942228B7E100AD02AD /* Build configuration list for PBXNativeTarget "ViewUITests" */;
			buildPhases = (
				F67057812228B7E100AD02AD /* Sources */,
				F67057822228B7E100AD02AD /* Frameworks */,
				F67057832228B7E100AD02AD /* Resources */,
			);
			buildRules = (
			);
			dependencies = (
				F67057872228B7E100AD02AD /* PBXTargetDependency */,
			);
			name = ViewUITests;
			productName = ViewUITests;
			productReference = F67057852228B7E100AD02AD /* ViewUITests.xctest */;
			productType = "com.apple.product-type.bundle.ui-testing";
		};
/* End PBXNativeTarget section */

/* Begin PBXProject section */
		F670575E2228B7E000AD02AD /* Project object */ = {
			isa = PBXProject;
			attributes = {
				LastSwiftUpdateCheck = 1010;
				LastUpgradeCheck = 1010;
				ORGANIZATIONNAME = "Alexander VanBeekum";
				TargetAttributes = {
					F67057652228B7E000AD02AD = {
						CreatedOnToolsVersion = 10.1;
					};
					F67057792228B7E100AD02AD = {
						CreatedOnToolsVersion = 10.1;
						TestTargetID = F67057652228B7E000AD02AD;
					};
					F67057842228B7E100AD02AD = {
						CreatedOnToolsVersion = 10.1;
						TestTargetID = F67057652228B7E000AD02AD;
					};
				};
			};
			buildConfigurationList = F67057612228B7E000AD02AD /* Build configuration list for PBXProject "View" */;
			compatibilityVersion = "Xcode 9.3";
			developmentRegion = en;
			hasScannedForEncodings = 0;
			knownRegions = (
				en,
				Base,
			);
			mainGroup = F670575D2228B7E000AD02AD;
			productRefGroup = F67057672228B7E000AD02AD /* Products */;
			projectDirPath = "";
			projectRoot = "";
			targets = (
				F67057652228B7E000AD02AD /* View */,
				F67057792228B7E100AD02AD /* ViewTests */,
				F67057842228B7E100AD02AD /* ViewUITests */,
			);
		};
/* End PBXProject section */

/* Begin PBXResourcesBuildPhase section */
		F67057642228B7E000AD02AD /* Resources */ = {
			isa = PBXResourcesBuildPhase;
			buildActionMask = 2147483647;
			files = (
				F67057742228B7E100AD02AD /* LaunchScreen.storyboard in Resources */,
				F67057712228B7E100AD02AD /* Assets.xcassets in Resources */,
				F670576F2228B7E000AD02AD /* Main.storyboard in Resources */,
			);
			runOnlyForDeploymentPostprocessing = 0;
		};
		F67057782228B7E100AD02AD /* Resources */ = {
			isa = PBXResourcesBuildPhase;
			buildActionMask = 2147483647;
			files = (
			);
			runOnlyForDeploymentPostprocessing = 0;
		};
		F67057832228B7E100AD02AD /* Resources */ = {
			isa = PBXResourcesBuildPhase;
			buildActionMask = 2147483647;
			files = (
			);
			runOnlyForDeploymentPostprocessing = 0;
		};
/* End PBXResourcesBuildPhase section */

/* Begin PBXSourcesBuildPhase section */
		F67057622228B7E000AD02AD /* Sources */ = {
			isa = PBXSourcesBuildPhase;
			buildActionMask = 2147483647;
			files = (
				F670576C2228B7E000AD02AD /* ViewController.swift in Sources */,
				F670576A2228B7E000AD02AD /* AppDelegate.swift in Sources */,
			);
			runOnlyForDeploymentPostprocessing = 0;
		};
		F67057762228B7E100AD02AD /* Sources */ = {
			isa = PBXSourcesBuildPhase;
			buildActionMask = 2147483647;
			files = (
				F670577F2228B7E100AD02AD /* ViewTests.swift in Sources */,
			);
			runOnlyForDeploymentPostprocessing = 0;
		};
		F67057812228B7E100AD02AD /* Sources */ = {
			isa = PBXSourcesBuildPhase;
			buildActionMask = 2147483647;
			files = (
				F670578A2228B7E100AD02AD /* ViewUITests.swift in Sources */,
			);
			runOnlyForDeploymentPostprocessing = 0;
		};
/* End PBXSourcesBuildPhase section */

/* Begin PBXTargetDependency section */
		F670577C2228B7E100AD02AD /* PBXTargetDependency */ = {
			isa = PBXTargetDependency;
			target = F67057652228B7E000AD02AD /* View */;
			targetProxy = F670577B2228B7E100AD02AD /* PBXContainerItemProxy */;
		};
		F67057872228B7E100AD02AD /* PBXTargetDependency */ = {
			isa = PBXTargetDependency;
			target = F67057652228B7E000AD02AD /* View */;
			targetProxy = F67057862228B7E100AD02AD /* PBXContainerItemProxy */;
		};
/* End PBXTargetDependency section */

/* Begin PBXVariantGroup section */
		F670576D2228B7E000AD02AD /* Main.storyboard */ = {
			isa = PBXVariantGroup;
			children = (
				F670576E2228B7E000AD02AD /* Base */,
			);
			name = Main.storyboard;
			sourceTree = "<group>";
		};
		F67057722228B7E100AD02AD /* LaunchScreen.storyboard */ = {
			isa = PBXVariantGroup;
			children = (
				F67057732228B7E100AD02AD /* Base */,
			);
			name = LaunchScreen.storyboard;
			sourceTree = "<group>";
		};
/* End PBXVariantGroup section */

/* Begin XCBuildConfiguration section */
		F670578C2228B7E100AD02AD /* Debug */ = {
			isa = XCBuildConfiguration;
			buildSettings = {
				ALWAYS_SEARCH_USER_PATHS = NO;
				CLANG_ANALYZER_NONNULL = YES;
				CLANG_ANALYZER_NUMBER_OBJECT_CONVERSION = YES_AGGRESSIVE;
				CLANG_CXX_LANGUAGE_STANDARD = "gnu++14";
				CLANG_CXX_LIBRARY = "libc++";
				CLANG_ENABLE_MODULES = YES;
				CLANG_ENABLE_OBJC_ARC = YES;
				CLANG_ENABLE_OBJC_WEAK = YES;
				CLANG_WARN_BLOCK_CAPTURE_AUTORELEASING = YES;
				CLANG_WARN_BOOL_CONVERSION = YES;
				CLANG_WARN_COMMA = YES;
				CLANG_WARN_CONSTANT_CONVERSION = YES;
				CLANG_WARN_DEPRECATED_OBJC_IMPLEMENTATIONS = YES;
				CLANG_WARN_DIRECT_OBJC_ISA_USAGE = YES_ERROR;
				CLANG_WARN_DOCUMENTATION_COMMENTS = YES;
				CLANG_WARN_EMPTY_BODY = YES;
				CLANG_WARN_ENUM_CONVERSION = YES;
				CLANG_WARN_INFINITE_RECURSION = YES;
				CLANG_WARN_INT_CONVERSION = YES;
				CLANG_WARN_NON_LITERAL_NULL_CONVERSION = YES;
				CLANG_WARN_OBJC_IMPLICIT_RETAIN_SELF = YES;
				CLANG_WARN_OBJC_LITERAL_CONVERSION = YES;
				CLANG_WARN_OBJC_ROOT_CLASS = YES_ERROR;
				CLANG_WARN_RANGE_LOOP_ANALYSIS = YES;
				CLANG_WARN_STRICT_PROTOTYPES = YES;
				CLANG_WARN_SUSPICIOUS_MOVE = YES;
				CLANG_WARN_UNGUARDED_AVAILABILITY = YES_AGGRESSIVE;
				CLANG_WARN_UNREACHABLE_CODE = YES;
				CLANG_WARN__DUPLICATE_METHOD_MATCH = YES;
				CODE_SIGN_IDENTITY = "iPhone Developer";
				COPY_PHASE_STRIP = NO;
				DEBUG_INFORMATION_FORMAT = dwarf;
				ENABLE_STRICT_OBJC_MSGSEND = YES;
				ENABLE_TESTABILITY = YES;
				GCC_C_LANGUAGE_STANDARD = gnu11;
				GCC_DYNAMIC_NO_PIC = NO;
				GCC_NO_COMMON_BLOCKS = YES;
				GCC_OPTIMIZATION_LEVEL = 0;
				GCC_PREPROCESSOR_DEFINITIONS = (
					"DEBUG=1",
					"$(inherited)",
				);
				GCC_WARN_64_TO_32_BIT_CONVERSION = YES;
				GCC_WARN_ABOUT_RETURN_TYPE = YES_ERROR;
				GCC_WARN_UNDECLARED_SELECTOR = YES;
				GCC_WARN_UNINITIALIZED_AUTOS = YES_AGGRESSIVE;
				GCC_WARN_UNUSED_FUNCTION = YES;
				GCC_WARN_UNUSED_VARIABLE = YES;
				IPHONEOS_DEPLOYMENT_TARGET = 12.1;
				MTL_ENABLE_DEBUG_INFO = INCLUDE_SOURCE;
				MTL_FAST_MATH = YES;
				ONLY_ACTIVE_ARCH = YES;
				SDKROOT = iphoneos;
				SWIFT_ACTIVE_COMPILATION_CONDITIONS = DEBUG;
				SWIFT_OPTIMIZATION_LEVEL = "-Onone";
			};
			name = Debug;
		};
		F670578D2228B7E100AD02AD /* Release */ = {
			isa = XCBuildConfiguration;
			buildSettings = {
				ALWAYS_SEARCH_USER_PATHS = NO;
				CLANG_ANALYZER_NONNULL = YES;
				CLANG_ANALYZER_NUMBER_OBJECT_CONVERSION = YES_AGGRESSIVE;
				CLANG_CXX_LANGUAGE_STANDARD = "gnu++14";
				CLANG_CXX_LIBRARY = "libc++";
				CLANG_ENABLE_MODULES = YES;
				CLANG_ENABLE_OBJC_ARC = YES;
				CLANG_ENABLE_OBJC_WEAK = YES;
				CLANG_WARN_BLOCK_CAPTURE_AUTORELEASING = YES;
				CLANG_WARN_BOOL_CONVERSION = YES;
				CLANG_WARN_COMMA = YES;
				CLANG_WARN_CONSTANT_CONVERSION = YES;
				CLANG_WARN_DEPRECATED_OBJC_IMPLEMENTATIONS = YES;
				CLANG_WARN_DIRECT_OBJC_ISA_USAGE = YES_ERROR;
				CLANG_WARN_DOCUMENTATION_COMMENTS = YES;
				CLANG_WARN_EMPTY_BODY = YES;
				CLANG_WARN_ENUM_CONVERSION = YES;
				CLANG_WARN_INFINITE_RECURSION = YES;
				CLANG_WARN_INT_CONVERSION = YES;
				CLANG_WARN_NON_LITERAL_NULL_CONVERSION = YES;
				CLANG_WARN_OBJC_IMPLICIT_RETAIN_SELF = YES;
				CLANG_WARN_OBJC_LITERAL_CONVERSION = YES;
				CLANG_WARN_OBJC_ROOT_CLASS = YES_ERROR;
				CLANG_WARN_RANGE_LOOP_ANALYSIS = YES;
				CLANG_WARN_STRICT_PROTOTYPES = YES;
				CLANG_WARN_SUSPICIOUS_MOVE = YES;
				CLANG_WARN_UNGUARDED_AVAILABILITY = YES_AGGRESSIVE;
				CLANG_WARN_UNREACHABLE_CODE = YES;
				CLANG_WARN__DUPLICATE_METHOD_MATCH = YES;
				CODE_SIGN_IDENTITY = "iPhone Developer";
				COPY_PHASE_STRIP = NO;
				DEBUG_INFORMATION_FORMAT = "dwarf-with-dsym";
				ENABLE_NS_ASSERTIONS = NO;
				ENABLE_STRICT_OBJC_MSGSEND = YES;
				GCC_C_LANGUAGE_STANDARD = gnu11;
				GCC_NO_COMMON_BLOCKS = YES;
				GCC_WARN_64_TO_32_BIT_CONVERSION = YES;
				GCC_WARN_ABOUT_RETURN_TYPE = YES_ERROR;
				GCC_WARN_UNDECLARED_SELECTOR = YES;
				GCC_WARN_UNINITIALIZED_AUTOS = YES_AGGRESSIVE;
				GCC_WARN_UNUSED_FUNCTION = YES;
				GCC_WARN_UNUSED_VARIABLE = YES;
				IPHONEOS_DEPLOYMENT_TARGET = 12.1;
				MTL_ENABLE_DEBUG_INFO = NO;
				MTL_FAST_MATH = YES;
				SDKROOT = iphoneos;
				SWIFT_COMPILATION_MODE = wholemodule;
				SWIFT_OPTIMIZATION_LEVEL = "-O";
				VALIDATE_PRODUCT = YES;
			};
			name = Release;
		};
		F670578F2228B7E100AD02AD /* Debug */ = {
			isa = XCBuildConfiguration;
			buildSettings = {
				ASSETCATALOG_COMPILER_APPICON_NAME = AppIcon;
				CODE_SIGN_STYLE = Automatic;
				INFOPLIST_FILE = View/Info.plist;
				LD_RUNPATH_SEARCH_PATHS = (
					"$(inherited)",
					"@executable_path/Frameworks",
				);
				PRODUCT_BUNDLE_IDENTIFIER = com.alexandervanbeekum.www.View;
				PRODUCT_NAME = "$(TARGET_NAME)";
				SWIFT_VERSION = 4.2;
				TARGETED_DEVICE_FAMILY = "1,2";
			};
			name = Debug;
		};
		F67057902228B7E100AD02AD /* Release */ = {
			isa = XCBuildConfiguration;
			buildSettings = {
				ASSETCATALOG_COMPILER_APPICON_NAME = AppIcon;
				CODE_SIGN_STYLE = Automatic;
				INFOPLIST_FILE = View/Info.plist;
				LD_RUNPATH_SEARCH_PATHS = (
					"$(inherited)",
					"@executable_path/Frameworks",
				);
				PRODUCT_BUNDLE_IDENTIFIER = com.alexandervanbeekum.www.View;
				PRODUCT_NAME = "$(TARGET_NAME)";
				SWIFT_VERSION = 4.2;
				TARGETED_DEVICE_FAMILY = "1,2";
			};
			name = Release;
		};
		F67057922228B7E100AD02AD /* Debug */ = {
			isa = XCBuildConfiguration;
			buildSettings = {
				ALWAYS_EMBED_SWIFT_STANDARD_LIBRARIES = YES;
				BUNDLE_LOADER = "$(TEST_HOST)";
				CODE_SIGN_STYLE = Automatic;
				INFOPLIST_FILE = ViewTests/Info.plist;
				LD_RUNPATH_SEARCH_PATHS = (
					"$(inherited)",
					"@executable_path/Frameworks",
					"@loader_path/Frameworks",
				);
				PRODUCT_BUNDLE_IDENTIFIER = com.alexandervanbeekum.www.ViewTests;
				PRODUCT_NAME = "$(TARGET_NAME)";
				SWIFT_VERSION = 4.2;
				TARGETED_DEVICE_FAMILY = "1,2";
				TEST_HOST = "$(BUILT_PRODUCTS_DIR)/View.app/View";
			};
			name = Debug;
		};
		F67057932228B7E100AD02AD /* Release */ = {
			isa = XCBuildConfiguration;
			buildSettings = {
				ALWAYS_EMBED_SWIFT_STANDARD_LIBRARIES = YES;
				BUNDLE_LOADER = "$(TEST_HOST)";
				CODE_SIGN_STYLE = Automatic;
				INFOPLIST_FILE = ViewTests/Info.plist;
				LD_RUNPATH_SEARCH_PATHS = (
					"$(inherited)",
					"@executable_path/Frameworks",
					"@loader_path/Frameworks",
				);
				PRODUCT_BUNDLE_IDENTIFIER = com.alexandervanbeekum.www.ViewTests;
				PRODUCT_NAME = "$(TARGET_NAME)";
				SWIFT_VERSION = 4.2;
				TARGETED_DEVICE_FAMILY = "1,2";
				TEST_HOST = "$(BUILT_PRODUCTS_DIR)/View.app/View";
			};
			name = Release;
		};
		F67057952228B7E100AD02AD /* Debug */ = {
			isa = XCBuildConfiguration;
			buildSettings = {
				ALWAYS_EMBED_SWIFT_STANDARD_LIBRARIES = YES;
				CODE_SIGN_STYLE = Automatic;
				INFOPLIST_FILE = ViewUITests/Info.plist;
				LD_RUNPATH_SEARCH_PATHS = (
					"$(inherited)",
					"@executable_path/Frameworks",
					"@loader_path/Frameworks",
				);
				PRODUCT_BUNDLE_IDENTIFIER = com.alexandervanbeekum.www.ViewUITests;
				PRODUCT_NAME = "$(TARGET_NAME)";
				SWIFT_VERSION = 4.2;
				TARGETED_DEVICE_FAMILY = "1,2";
				TEST_TARGET_NAME = View;
			};
			name = Debug;
		};
		F67057962228B7E100AD02AD /* Release */ = {
			isa = XCBuildConfiguration;
			buildSettings = {
				ALWAYS_EMBED_SWIFT_STANDARD_LIBRARIES = YES;
				CODE_SIGN_STYLE = Automatic;
				INFOPLIST_FILE = ViewUITests/Info.plist;
				LD_RUNPATH_SEARCH_PATHS = (
					"$(inherited)",
					"@executable_path/Frameworks",
					"@loader_path/Frameworks",
				);
				PRODUCT_BUNDLE_IDENTIFIER = com.alexandervanbeekum.www.ViewUITests;
				PRODUCT_NAME = "$(TARGET_NAME)";
				SWIFT_VERSION = 4.2;
				TARGETED_DEVICE_FAMILY = "1,2";
				TEST_TARGET_NAME = View;
			};
			name = Release;
		};
/* End XCBuildConfiguration section */

/* Begin XCConfigurationList section */
		F67057612228B7E000AD02AD /* Build configuration list for PBXProject "View" */ = {
			isa = XCConfigurationList;
			buildConfigurations = (
				F670578C2228B7E100AD02AD /* Debug */,
				F670578D2228B7E100AD02AD /* Release */,
			);
			defaultConfigurationIsVisible = 0;
			defaultConfigurationName = Release;
		};
		F670578E2228B7E100AD02AD /* Build configuration list for PBXNativeTarget "View" */ = {
			isa = XCConfigurationList;
			buildConfigurations = (
				F670578F2228B7E100AD02AD /* Debug */,
				F67057902228B7E100AD02AD /* Release */,
			);
			defaultConfigurationIsVisible = 0;
			defaultConfigurationName = Release;
		};
		F67057912228B7E100AD02AD /* Build configuration list for PBXNativeTarget "ViewTests" */ = {
			isa = XCConfigurationList;
			buildConfigurations = (
				F67057922228B7E100AD02AD /* Debug */,
				F67057932228B7E100AD02AD /* Release */,
			);
			defaultConfigurationIsVisible = 0;
			defaultConfigurationName = Release;
		};
		F67057942228B7E100AD02AD /* Build configuration list for PBXNativeTarget "ViewUITests" */ = {
			isa = XCConfigurationList;
			buildConfigurations = (
				F67057952228B7E100AD02AD /* Debug */,
				F67057962228B7E100AD02AD /* Release */,
			);
			defaultConfigurationIsVisible = 0;
			defaultConfigurationName = Release;
		};
/* End XCConfigurationList section */
	};
	rootObject = F670575E2228B7E000AD02AD /* Project object */;
}
